<?xml version="1.0" encoding="utf-8"?>
<Project ToolsVersion="4.0" xmlns="http://schemas.microsoft.com/developer/msbuild/2003">
  <ItemGroup>
    <Filter Include="Source Files">
      <UniqueIdentifier>{4FC737F1-C7A5-4376-A066-2A32D752A2FF}</UniqueIdentifier>
      <Extensions>cpp;c;cc;cxx;c++;cppm;ixx;def;odl;idl;hpj;bat;asm;asmx</Extensions>
    </Filter>
    <Filter Include="Header Files">
      <UniqueIdentifier>{93995380-89BD-4b04-88EB-625FBE52EBFB}</UniqueIdentifier>
      <Extensions>h;hh;hpp;hxx;h++;hm;inl;inc;ipp;xsd</Extensions>
    </Filter>
    <Filter Include="Resource Files">
      <UniqueIdentifier>{67DA6AB6-F800-4c08-8B7A-83BB121AAD01}</UniqueIdentifier>
      <Extensions>rc;ico;cur;bmp;dlg;rc2;rct;bin;rgs;gif;jpg;jpeg;jpe;resx;tiff;tif;png;wav;mfcribbon-ms</Extensions>
    </Filter>
  </ItemGroup>
  <ItemGroup>
    <ClCompile Include="source\platform\main.cpp">
      <Filter>Source Files</Filter>
    </ClCompile>
    <ClCompile Include="source\platform\framework\win32\win32Window.cpp">
      <Filter>Source Files</Filter>
    </ClCompile>
    <ClCompile Include="source\platform\framework\win32\win32Display.cpp">
      <Filter>Source Files</Filter>
    </ClCompile>
    <ClCompile Include="source\platform\framework\win32\win32Console.cpp">
      <Filter>Source Files</Filter>
    </ClCompile>
    <ClCompile Include="source\stringHelper.cpp">
      <Filter>Source Files</Filter>
    </ClCompile>
    <ClCompile Include="source\pch.cpp">
      <Filter>Source Files</Filter>
    </ClCompile>
    <ClCompile Include="source\platform\framework\win32\win32MessageBox.cpp">
      <Filter>Source Files</Filter>
    </ClCompile>
    <ClCompile Include="source\platform\graphics\direct3D12\direct3d12Graphics.cpp">
      <Filter>Source Files</Filter>
    </ClCompile>
    <ClCompile Include="source\platform\framework\win32\win32OS.cpp">
      <Filter>Source Files</Filter>
    </ClCompile>
    <ClCompile Include="source\platform\framework\win32\win32Audio.cpp">
      <Filter>Source Files</Filter>
    </ClCompile>
    <ClCompile Include="source\platform\framework\win32\win32Timing.cpp">
      <Filter>Source Files</Filter>
    </ClCompile>
    <ClCompile Include="source\platform\framework\win32\win32Gamepad.cpp">
      <Filter>Source Files</Filter>
    </ClCompile>
    <ClCompile Include="source\game\game.cpp">
      <Filter>Source Files</Filter>
    </ClCompile>
    <ClCompile Include="source\platform\framework\win32\win32CommandLine.cpp">
      <Filter>Source Files</Filter>
    </ClCompile>
    <ClCompile Include="source\fileIO\fileIO.cpp">
      <Filter>Source Files</Filter>
    </ClCompile>
  </ItemGroup>
  <ItemGroup>
    <ClInclude Include="source\platform\framework\win32\win32Window.h">
      <Filter>Header Files</Filter>
    </ClInclude>
    <ClInclude Include="source\events\platform\inputEvent.h">
      <Filter>Header Files</Filter>
    </ClInclude>
    <ClInclude Include="source\events\platform\enterSizeMoveEvent.h">
      <Filter>Header Files</Filter>
    </ClInclude>
    <ClInclude Include="source\events\platform\exitSizeMoveEvent.h">
      <Filter>Header Files</Filter>
    </ClInclude>
    <ClInclude Include="source\events\platform\gainedFocusEvent.h">
      <Filter>Header Files</Filter>
    </ClInclude>
    <ClInclude Include="source\events\platform\lostFocusEvent.h">
      <Filter>Header Files</Filter>
    </ClInclude>
    <ClInclude Include="source\events\platform\resizedEvent.h">
      <Filter>Header Files</Filter>
    </ClInclude>
    <ClInclude Include="source\events\platform\maximizedEvent.h">
      <Filter>Header Files</Filter>
    </ClInclude>
    <ClInclude Include="source\events\platform\minimizedEvent.h">
      <Filter>Header Files</Filter>
    </ClInclude>
    <ClInclude Include="source\events\platform\closedEvent.h">
      <Filter>Header Files</Filter>
    </ClInclude>
    <ClInclude Include="source\events\platform\destroyedEvent.h">
      <Filter>Header Files</Filter>
    </ClInclude>
    <ClInclude Include="source\events\platform\enterFullScreenEvent.h">
      <Filter>Header Files</Filter>
    </ClInclude>
    <ClInclude Include="source\events\platform\exitFullScreenEvent.h">
      <Filter>Header Files</Filter>
    </ClInclude>
    <ClInclude Include="source\stringHelper.h">
      <Filter>Header Files</Filter>
    </ClInclude>
    <ClInclude Include="source\pch.h">
      <Filter>Header Files</Filter>
    </ClInclude>
    <ClInclude Include="source\platform\graphics\direct3D12\direct3d12Graphics.h">
      <Filter>Header Files</Filter>
    </ClInclude>
    <ClInclude Include="source\platform\framework\platformConsole.h">
      <Filter>Header Files</Filter>
    </ClInclude>
    <ClInclude Include="source\platform\framework\platformOS.h">
      <Filter>Header Files</Filter>
    </ClInclude>
    <ClInclude Include="source\platform\framework\platformTiming.h">
      <Filter>Header Files</Filter>
    </ClInclude>
    <ClInclude Include="source\platform\framework\platformAudio.h">
      <Filter>Header Files</Filter>
    </ClInclude>
    <ClInclude Include="source\platform\framework\platformDisplay.h">
      <Filter>Header Files</Filter>
    </ClInclude>
    <ClInclude Include="source\platform\framework\platformGamepad.h">
      <Filter>Header Files</Filter>
    </ClInclude>
    <ClInclude Include="source\platform\framework\platformWindow.h">
      <Filter>Header Files</Filter>
    </ClInclude>
    <ClInclude Include="source\game\game.h">
      <Filter>Header Files</Filter>
    </ClInclude>
    <ClInclude Include="source\platform\framework\platformKeyCodes.h">
      <Filter>Header Files</Filter>
    </ClInclude>
    <ClInclude Include="source\platform\framework\platformMessageBox.h">
      <Filter>Header Files</Filter>
    </ClInclude>
    <ClInclude Include="source\platform\framework\platformCommandLine.h">
      <Filter>Header Files</Filter>
    </ClInclude>
    <ClInclude Include="source\platform\graphics\direct3D12\direct3d12Surface.h">
      <Filter>Header Files</Filter>
    </ClInclude>
    <ClInclude Include="source\platform\graphics\graphicsSurface.h">
      <Filter>Header Files</Filter>
    </ClInclude>
    <ClInclude Include="source\platform\graphics\vertexPos3Norm3Col4UV2.h">
      <Filter>Header Files</Filter>
    </ClInclude>
    <ClInclude Include="source\fileIO\fileIO.h">
      <Filter>Header Files</Filter>
    </ClInclude>
    <ClInclude Include="source\platform\graphics\direct3D12\d3dx12.h">
      <Filter>Header Files</Filter>
    </ClInclude>
  </ItemGroup>
  <ItemGroup>
    <FxCompile Include="shaders\vertexShader.hlsl" />
    <FxCompile Include="shaders\pixelShader.hlsl" />
  </ItemGroup>
</Project>